
Microsoft Visual Studio Solution File, Format Version 12.00
# Visual Studio Version 16
VisualStudioVersion = 16.0.30413.136
MinimumVisualStudioVersion = 10.0.40219.1
Project("{FAE04EC0-301F-11D3-BF4B-00C04F79EFBC}") = "ConsoleClient", "ConsoleClient\ConsoleClient.csproj", "{41851448-320E-44AB-8F57-259BB9669B98}"
EndProject
Project("{FAE04EC0-301F-11D3-BF4B-00C04F79EFBC}") = "FunctionApp", "FunctionApp\FunctionApp.csproj", "{23B1CDF7-2502-42B1-9769-D4795B72EB62}"
EndProject
Global
	GlobalSection(SolutionConfigurationPlatforms) = preSolution
		Debug|Any CPU = Debug|Any CPU
		Release|Any CPU = Release|Any CPU
	EndGlobalSection
	GlobalSection(ProjectConfigurationPlatforms) = postSolution
		{41851448-320E-44AB-8F57-259BB9669B98}.Debug|Any CPU.ActiveCfg = Debug|Any CPU
		{41851448-320E-44AB-8F57-259BB9669B98}.Debug|Any CPU.Build.0 = Debug|Any CPU
		{41851448-320E-44AB-8F57-259BB9669B98}.Release|Any CPU.ActiveCfg = Release|Any CPU
		{41851448-320E-44AB-8F57-259BB9669B98}.Release|Any CPU.Build.0 = Release|Any CPU
		{23B1CDF7-2502-42B1-9769-D4795B72EB62}.Debug|Any CPU.ActiveCfg = Debug|Any CPU
		{23B1CDF7-2502-42B1-9769-D4795B72EB62}.Debug|Any CPU.Build.0 = Debug|Any CPU
		{23B1CDF7-2502-42B1-9769-D4795B72EB62}.Release|Any CPU.ActiveCfg = Release|Any CPU
		{23B1CDF7-2502-42B1-9769-D4795B72EB62}.Release|Any CPU.Build.0 = Release|Any CPU
	EndGlobalSection
	GlobalSection(SolutionProperties) = preSolution
		HideSolutionNode = FALSE
	EndGlobalSection
	GlobalSection(ExtensibilityGlobals) = postSolution
		SolutionGuid = {FAC4911A-3F06-416A-B750-50A49DABAB00}
	EndGlobalSection
EndGlobal
